
Microsoft Visual Studio Solution File, Format Version 12.00
# Visual Studio Version 16
VisualStudioVersion = 16.0.31205.134
MinimumVisualStudioVersion = 10.0.40219.1
Project("{9A19103F-16F7-4668-BE54-9A1E7A4F7556}") = "ChatPresetTool", "ChatPresetTool\ChatPresetTool.csproj", "{A48A3F2F-5C55-4402-8328-0CEE75F35AB1}"
EndProject
Project("{FAE04EC0-301F-11D3-BF4B-00C04F79EFBC}") = "ChatPresetToolDotNetFramework", "ChatPresetToolDotNetFramework\ChatPresetToolDotNetFramework.csproj", "{C02C434E-C04B-4CBD-B0B1-108A1477401D}"
EndProject
Project("{FAE04EC0-301F-11D3-BF4B-00C04F79EFBC}") = "SpeechToTextDotNetFramework", "SpeechToTextDotNetFramework\SpeechToTextDotNetFramework.csproj", "{7EC76BA2-7C76-4FB2-9F2E-58F92BC8591E}"
EndProject
Global
	GlobalSection(SolutionConfigurationPlatforms) = preSolution
		Debug|Any CPU = Debug|Any CPU
		Release|Any CPU = Release|Any CPU
	EndGlobalSection
	GlobalSection(ProjectConfigurationPlatforms) = postSolution
		{A48A3F2F-5C55-4402-8328-0CEE75F35AB1}.Debug|Any CPU.ActiveCfg = Debug|Any CPU
		{A48A3F2F-5C55-4402-8328-0CEE75F35AB1}.Debug|Any CPU.Build.0 = Debug|Any CPU
		{A48A3F2F-5C55-4402-8328-0CEE75F35AB1}.Release|Any CPU.ActiveCfg = Release|Any CPU
		{A48A3F2F-5C55-4402-8328-0CEE75F35AB1}.Release|Any CPU.Build.0 = Release|Any CPU
		{C02C434E-C04B-4CBD-B0B1-108A1477401D}.Debug|Any CPU.ActiveCfg = Debug|Any CPU
		{C02C434E-C04B-4CBD-B0B1-108A1477401D}.Debug|Any CPU.Build.0 = Debug|Any CPU
		{C02C434E-C04B-4CBD-B0B1-108A1477401D}.Release|Any CPU.ActiveCfg = Release|Any CPU
		{C02C434E-C04B-4CBD-B0B1-108A1477401D}.Release|Any CPU.Build.0 = Release|Any CPU
		{7EC76BA2-7C76-4FB2-9F2E-58F92BC8591E}.Debug|Any CPU.ActiveCfg = Debug|Any CPU
		{7EC76BA2-7C76-4FB2-9F2E-58F92BC8591E}.Debug|Any CPU.Build.0 = Debug|Any CPU
		{7EC76BA2-7C76-4FB2-9F2E-58F92BC8591E}.Release|Any CPU.ActiveCfg = Release|Any CPU
		{7EC76BA2-7C76-4FB2-9F2E-58F92BC8591E}.Release|Any CPU.Build.0 = Release|Any CPU
	EndGlobalSection
	GlobalSection(SolutionProperties) = preSolution
		HideSolutionNode = FALSE
	EndGlobalSection
	GlobalSection(ExtensibilityGlobals) = postSolution
		SolutionGuid = {31F49D10-AA94-479A-8314-838ED42C0244}
	EndGlobalSection
EndGlobal
